
Microsoft Visual Studio Solution File, Format Version 12.00
# Visual Studio Version 16
VisualStudioVersion = 16.0.30413.136
MinimumVisualStudioVersion = 10.0.40219.1
Project("{FAE04EC0-301F-11D3-BF4B-00C04F79EFBC}") = "hello world", "hello world\hello world.csproj", "{31E774CB-B298-47FD-96A7-EB80F1E47364}"
EndProject
Global
	GlobalSection(SolutionConfigurationPlatforms) = preSolution
		Debug|Any CPU = Debug|Any CPU
		Release|Any CPU = Release|Any CPU
	EndGlobalSection
	GlobalSection(ProjectConfigurationPlatforms) = postSolution
		{31E774CB-B298-47FD-96A7-EB80F1E47364}.Debug|Any CPU.ActiveCfg = Debug|Any CPU
		{31E774CB-B298-47FD-96A7-EB80F1E47364}.Debug|Any CPU.Build.0 = Debug|Any CPU
		{31E774CB-B298-47FD-96A7-EB80F1E47364}.Release|Any CPU.ActiveCfg = Release|Any CPU
		{31E774CB-B298-47FD-96A7-EB80F1E47364}.Release|Any CPU.Build.0 = Release|Any CPU
	EndGlobalSection
	GlobalSection(SolutionProperties) = preSolution
		HideSolutionNode = FALSE
	EndGlobalSection
	GlobalSection(ExtensibilityGlobals) = postSolution
		SolutionGuid = {0B9F2B6A-DDB2-4F1F-896A-4AA098F608F0}
	EndGlobalSection
EndGlobal
