
Microsoft Visual Studio Solution File, Format Version 12.00
# Visual Studio Version 16
VisualStudioVersion = 16.0.30413.136
MinimumVisualStudioVersion = 10.0.40219.1
Project("{9A19103F-16F7-4668-BE54-9A1E7A4F7556}") = "hello world", "hello world\hello world.csproj", "{31E774CB-B298-47FD-96A7-EB80F1E47364}"
EndProject
Project("{9A19103F-16F7-4668-BE54-9A1E7A4F7556}") = "Basic Syntax", "Basic Syntax\Basic Syntax.csproj", "{50D76AEE-37B1-4F1A-A74D-732BDC2061B2}"
EndProject
Project("{9A19103F-16F7-4668-BE54-9A1E7A4F7556}") = "Variables", "Variables\Variables.csproj", "{FE5C8E6D-67D4-4FF0-A942-89E0A8E4B6DD}"
EndProject
Project("{9A19103F-16F7-4668-BE54-9A1E7A4F7556}") = "Loops", "Loops\Loops.csproj", "{025B8241-6D54-4CA6-B265-7D7A32D90E6A}"
EndProject
Project("{9A19103F-16F7-4668-BE54-9A1E7A4F7556}") = "Fuzz_Buzz", "Fuzz_Buzz\Fuzz_Buzz.csproj", "{8CBCC56E-6085-4D31-84C2-CB0626D8C5E9}"
EndProject
Project("{9A19103F-16F7-4668-BE54-9A1E7A4F7556}") = "Maths", "Maths\Maths.csproj", "{B6C67DBF-D9B5-47BF-8651-4E14651BFC1F}"
EndProject
Project("{9A19103F-16F7-4668-BE54-9A1E7A4F7556}") = "Strings", "Strings\Strings.csproj", "{A046EEDF-2FA3-485C-AA0E-24D6C09196C0}"
EndProject
Project("{9A19103F-16F7-4668-BE54-9A1E7A4F7556}") = "MPS_Assignment_1", "MPS_Assignment_1\MPS_Assignment_1.csproj", "{C5AE0CC6-D520-4C97-A764-17FCBFCB0593}"
EndProject
Project("{9A19103F-16F7-4668-BE54-9A1E7A4F7556}") = "Animal Class", "Animal Class\Animal Class.csproj", "{B0BBEA33-8430-44EC-8733-0B32B61207DD}"
EndProject
Project("{9A19103F-16F7-4668-BE54-9A1E7A4F7556}") = "Arrays", "Arrays\Arrays.csproj", "{085175EA-05DE-4612-A0C3-59D09EF27415}"
EndProject
Project("{9A19103F-16F7-4668-BE54-9A1E7A4F7556}") = "Add two numbers", "Add two numbers\Add two numbers.csproj", "{28FABD73-1CB5-46EC-BABC-9F8EFA90C765}"
EndProject
Project("{9A19103F-16F7-4668-BE54-9A1E7A4F7556}") = "Celsius to Fahrenheit", "Celsius to Fahrenheit\Celsius to Fahrenheit.csproj", "{32062A25-A6E3-4C52-AF46-F04F669FD6D9}"
EndProject
Project("{9A19103F-16F7-4668-BE54-9A1E7A4F7556}") = "check if even or odd", "check if even or odd\check if even or odd.csproj", "{CCD0B756-CD6B-4CF3-968F-DD8130222232}"
EndProject
Project("{FAE04EC0-301F-11D3-BF4B-00C04F79EFBC}") = "MSP_Assignment_2", "MSP_Assignment_2\MSP_Assignment_2.csproj", "{0699B13E-83ED-4B18-8698-B24829D9221A}"
EndProject
Global
	GlobalSection(SolutionConfigurationPlatforms) = preSolution
		Debug|Any CPU = Debug|Any CPU
		Release|Any CPU = Release|Any CPU
	EndGlobalSection
	GlobalSection(ProjectConfigurationPlatforms) = postSolution
		{31E774CB-B298-47FD-96A7-EB80F1E47364}.Debug|Any CPU.ActiveCfg = Debug|Any CPU
		{31E774CB-B298-47FD-96A7-EB80F1E47364}.Debug|Any CPU.Build.0 = Debug|Any CPU
		{31E774CB-B298-47FD-96A7-EB80F1E47364}.Release|Any CPU.ActiveCfg = Release|Any CPU
		{31E774CB-B298-47FD-96A7-EB80F1E47364}.Release|Any CPU.Build.0 = Release|Any CPU
		{50D76AEE-37B1-4F1A-A74D-732BDC2061B2}.Debug|Any CPU.ActiveCfg = Debug|Any CPU
		{50D76AEE-37B1-4F1A-A74D-732BDC2061B2}.Debug|Any CPU.Build.0 = Debug|Any CPU
		{50D76AEE-37B1-4F1A-A74D-732BDC2061B2}.Release|Any CPU.ActiveCfg = Release|Any CPU
		{50D76AEE-37B1-4F1A-A74D-732BDC2061B2}.Release|Any CPU.Build.0 = Release|Any CPU
		{FE5C8E6D-67D4-4FF0-A942-89E0A8E4B6DD}.Debug|Any CPU.ActiveCfg = Debug|Any CPU
		{FE5C8E6D-67D4-4FF0-A942-89E0A8E4B6DD}.Debug|Any CPU.Build.0 = Debug|Any CPU
		{FE5C8E6D-67D4-4FF0-A942-89E0A8E4B6DD}.Release|Any CPU.ActiveCfg = Release|Any CPU
		{FE5C8E6D-67D4-4FF0-A942-89E0A8E4B6DD}.Release|Any CPU.Build.0 = Release|Any CPU
		{025B8241-6D54-4CA6-B265-7D7A32D90E6A}.Debug|Any CPU.ActiveCfg = Debug|Any CPU
		{025B8241-6D54-4CA6-B265-7D7A32D90E6A}.Debug|Any CPU.Build.0 = Debug|Any CPU
		{025B8241-6D54-4CA6-B265-7D7A32D90E6A}.Release|Any CPU.ActiveCfg = Release|Any CPU
		{025B8241-6D54-4CA6-B265-7D7A32D90E6A}.Release|Any CPU.Build.0 = Release|Any CPU
		{8CBCC56E-6085-4D31-84C2-CB0626D8C5E9}.Debug|Any CPU.ActiveCfg = Debug|Any CPU
		{8CBCC56E-6085-4D31-84C2-CB0626D8C5E9}.Debug|Any CPU.Build.0 = Debug|Any CPU
		{8CBCC56E-6085-4D31-84C2-CB0626D8C5E9}.Release|Any CPU.ActiveCfg = Release|Any CPU
		{8CBCC56E-6085-4D31-84C2-CB0626D8C5E9}.Release|Any CPU.Build.0 = Release|Any CPU
		{B6C67DBF-D9B5-47BF-8651-4E14651BFC1F}.Debug|Any CPU.ActiveCfg = Debug|Any CPU
		{B6C67DBF-D9B5-47BF-8651-4E14651BFC1F}.Debug|Any CPU.Build.0 = Debug|Any CPU
		{B6C67DBF-D9B5-47BF-8651-4E14651BFC1F}.Release|Any CPU.ActiveCfg = Release|Any CPU
		{B6C67DBF-D9B5-47BF-8651-4E14651BFC1F}.Release|Any CPU.Build.0 = Release|Any CPU
		{A046EEDF-2FA3-485C-AA0E-24D6C09196C0}.Debug|Any CPU.ActiveCfg = Debug|Any CPU
		{A046EEDF-2FA3-485C-AA0E-24D6C09196C0}.Debug|Any CPU.Build.0 = Debug|Any CPU
		{A046EEDF-2FA3-485C-AA0E-24D6C09196C0}.Release|Any CPU.ActiveCfg = Release|Any CPU
		{A046EEDF-2FA3-485C-AA0E-24D6C09196C0}.Release|Any CPU.Build.0 = Release|Any CPU
		{C5AE0CC6-D520-4C97-A764-17FCBFCB0593}.Debug|Any CPU.ActiveCfg = Debug|Any CPU
		{C5AE0CC6-D520-4C97-A764-17FCBFCB0593}.Debug|Any CPU.Build.0 = Debug|Any CPU
		{C5AE0CC6-D520-4C97-A764-17FCBFCB0593}.Release|Any CPU.ActiveCfg = Release|Any CPU
		{C5AE0CC6-D520-4C97-A764-17FCBFCB0593}.Release|Any CPU.Build.0 = Release|Any CPU
		{B0BBEA33-8430-44EC-8733-0B32B61207DD}.Debug|Any CPU.ActiveCfg = Debug|Any CPU
		{B0BBEA33-8430-44EC-8733-0B32B61207DD}.Debug|Any CPU.Build.0 = Debug|Any CPU
		{B0BBEA33-8430-44EC-8733-0B32B61207DD}.Release|Any CPU.ActiveCfg = Release|Any CPU
		{B0BBEA33-8430-44EC-8733-0B32B61207DD}.Release|Any CPU.Build.0 = Release|Any CPU
		{085175EA-05DE-4612-A0C3-59D09EF27415}.Debug|Any CPU.ActiveCfg = Debug|Any CPU
		{085175EA-05DE-4612-A0C3-59D09EF27415}.Debug|Any CPU.Build.0 = Debug|Any CPU
		{085175EA-05DE-4612-A0C3-59D09EF27415}.Release|Any CPU.ActiveCfg = Release|Any CPU
		{085175EA-05DE-4612-A0C3-59D09EF27415}.Release|Any CPU.Build.0 = Release|Any CPU
		{28FABD73-1CB5-46EC-BABC-9F8EFA90C765}.Debug|Any CPU.ActiveCfg = Debug|Any CPU
		{28FABD73-1CB5-46EC-BABC-9F8EFA90C765}.Debug|Any CPU.Build.0 = Debug|Any CPU
		{28FABD73-1CB5-46EC-BABC-9F8EFA90C765}.Release|Any CPU.ActiveCfg = Release|Any CPU
		{28FABD73-1CB5-46EC-BABC-9F8EFA90C765}.Release|Any CPU.Build.0 = Release|Any CPU
		{32062A25-A6E3-4C52-AF46-F04F669FD6D9}.Debug|Any CPU.ActiveCfg = Debug|Any CPU
		{32062A25-A6E3-4C52-AF46-F04F669FD6D9}.Debug|Any CPU.Build.0 = Debug|Any CPU
		{32062A25-A6E3-4C52-AF46-F04F669FD6D9}.Release|Any CPU.ActiveCfg = Release|Any CPU
		{32062A25-A6E3-4C52-AF46-F04F669FD6D9}.Release|Any CPU.Build.0 = Release|Any CPU
		{CCD0B756-CD6B-4CF3-968F-DD8130222232}.Debug|Any CPU.ActiveCfg = Debug|Any CPU
		{CCD0B756-CD6B-4CF3-968F-DD8130222232}.Debug|Any CPU.Build.0 = Debug|Any CPU
		{CCD0B756-CD6B-4CF3-968F-DD8130222232}.Release|Any CPU.ActiveCfg = Release|Any CPU
		{CCD0B756-CD6B-4CF3-968F-DD8130222232}.Release|Any CPU.Build.0 = Release|Any CPU
		{0699B13E-83ED-4B18-8698-B24829D9221A}.Debug|Any CPU.ActiveCfg = Debug|Any CPU
		{0699B13E-83ED-4B18-8698-B24829D9221A}.Debug|Any CPU.Build.0 = Debug|Any CPU
		{0699B13E-83ED-4B18-8698-B24829D9221A}.Release|Any CPU.ActiveCfg = Release|Any CPU
		{0699B13E-83ED-4B18-8698-B24829D9221A}.Release|Any CPU.Build.0 = Release|Any CPU
	EndGlobalSection
	GlobalSection(SolutionProperties) = preSolution
		HideSolutionNode = FALSE
	EndGlobalSection
	GlobalSection(ExtensibilityGlobals) = postSolution
		SolutionGuid = {0B9F2B6A-DDB2-4F1F-896A-4AA098F608F0}
	EndGlobalSection
EndGlobal
